bitbag_admin_cms_plugin_block_resource:
    resource: |
        alias: bitbag.block
        section: admin
        templates: SyliusAdminBundle:Crud
        except: ['show']
        redirect: update
        grid: bitbag_admin_cms_plugin_block
        permission: true
        vars:
            all:
                header: bitbag.cms.ui.blocks_header
                subheader: bitbag.cms.ui.blocks_subheader
                templates:
                    form: BitBagCmsPlugin:Block:Crud/_form.html.twig
            index:
                icon: block layout
            route:
                parameters:
                    code: $type
    type: sylius.resource

bitbag_admin_block_create:
    path: /blocks/new/{type}
    methods: [GET, POST]
    defaults:
        _controller: bitbag.controller.block:createAction
        _sylius:
            section: admin
            template: SyliusAdminBundle:Crud:create.html.twig
            redirect:
                route: bitbag_admin_block_index
                parameters: ~
            permission: true
            factory:
                method: createWithType
                arguments: [$type]
            vars:
                header: bitbag.cms.ui.blocks_header
                subheader: bitbag.cms.ui.blocks_subheader
                templates:
                    form: BitBagCmsPlugin:Block:Crud/_form.html.twig
                route:
                    parameters:
                        type: $type
    requirements:
        type: text|image