sylius_resource:
    resources:
        bitbag_sylius_cms_plugin.block:
            driver: doctrine/orm
            classes:
                model: BitBag\SyliusCmsPlugin\Entity\Block
                form: BitBag\SyliusCmsPlugin\Form\Type\BlockType
                repository: BitBag\SyliusCmsPlugin\Repository\BlockRepository
                controller: BitBag\SyliusCmsPlugin\Controller\BlockController
            translation:
                classes:
                    model: BitBag\SyliusCmsPlugin\Entity\BlockTranslation