sylius_resource:
    resources:
        bitbag.block:
            driver: doctrine/orm
            classes:
                model: BitBag\CmsPlugin\Entity\Block
                form: BitBag\CmsPlugin\Form\Type\BlockType
                repository: BitBag\CmsPlugin\Repository\BlockRepository
            translation:
                classes:
                    model: BitBag\CmsPlugin\Entity\BlockTranslation