parameters:
  fixtures_dir: "%kernel.project_dir%/Resources/fixtures"

sylius_fixtures:
  suites:
    default:
      listeners:
        orm_purger: ~
        logger: ~
      fixtures:
        block:
          options:
            custom:
              homepage_textarea:
                name: "Welcome in SyliusCmsPlugin!"
                channels:
                  - "FASHION_WEB"
                collections:
                  - "homepage"
                content_elements:
                  en_US:
                    spacer1:
                      type: "spacer"
                      data:
                        spacer: 12
                    heading:
                      type: "heading"
                      data:
                        heading_type: "h1"
                        heading: "Welcome in SyliusCmsPlugin! 🤗"
                    textarea:
                      type: "textarea"
                      data:
                        textarea: |
                          <p style="font-size: 13pt">
                              Welcome to SyliusCmsPlugin, where style meets comfort! Explore our latest collection of trendy t-shirts, stylish dresses, and versatile caps, designed for both men and women. Whether you're dressing up or keeping it casual, our curated selection offers something for everyone. Elevate your wardrobe with pieces that reflect your unique personality and fit perfectly into your everyday life. Shop now and discover your new favorite look!
                          </p>
                          <p style="font-size: 13pt">
                              Discover our latest collection:
                              <ul style="font-size: 13pt">
                                  <li style="margin-bottom: 6px;"><strong>Trendy T-Shirts</strong> - Perfect for any occasion, our t-shirts combine comfort with contemporary designs.</li>
                                  <li style="margin-bottom: 6px;"><strong>Stylish Dresses</strong> - From casual to chic, our dresses are crafted to make you feel confident and elegant.</li>
                                  <li><strong>Versatile Caps</strong> - Add the perfect finishing touch with our range of caps, designed to complement any outfit.</li>
                              </ul>
                          </p>
              homepage_products_carousel:
                name: "See our collection of brand new T-Shirts!"
                channels:
                  - "FASHION_WEB"
                collections:
                  - "homepage"
                content_elements:
                  en_US:
                    heading:
                      type: "heading"
                      data:
                        heading_type: "h2"
                        heading: "See our collection of brand new T-Shirts! 👕"
                    textarea:
                      type: "textarea"
                      data:
                        textarea: |
                          <p style="font-size: 13pt">
                              Our T-Shirts collection offers a blend of comfort and style, featuring a variety of designs that cater to every taste. Whether you're looking for classic basics or bold statement pieces, you'll find the perfect fit to express your unique personality.
                          </p>
                    products_carousel:
                      type: "products_carousel"
                      data:
                        products_carousel:
                          products:
                            - "Everyday_white_basic_T_Shirt"
                            - "Loose_white_designer_T_Shirt"
                            - "Ribbed_copper_slim_fit_Tee"
                            - "Sport_basic_white_T_Shirt"
                            - "Raglan_grey_black_Tee"
                            - "Oversize_white_cotton_T_Shirt"
              homepage_banner_1:
                name: "Homepage banner 1"
                channels:
                  - "FASHION_WEB"
                collections:
                  - "homepage"
                  - "black_friday"
                content_elements:
                  en_US:
                    spacer1:
                      type: "spacer"
                      data:
                        spacer: 20
                    single_media:
                      type: "single_media"
                      data:
                        single_media: "homepage_banner_1"
                    spacer2:
                      type: "spacer"
                      data:
                        spacer: 20
              homepage_banner_2:
                name: "Homepage banner 2"
                channels:
                  - "FASHION_WEB"
                collections:
                  - "homepage"
                content_elements:
                  en_US:
                    single_media:
                      type: "single_media"
                      data:
                        single_media: "homepage_banner_2"
              homepage_banner_3:
                name: "Homepage banner 3"
                channels:
                  - "FASHION_WEB"
                collections:
                  - "homepage"
                content_elements:
                  en_US:
                    single_media:
                      type: "single_media"
                      data:
                        single_media: "homepage_banner_3"
                    spacer1:
                      type: "spacer"
                      data:
                        spacer: 10
              homepage_products_carousel_by_taxon:
                name: "How about jeans?"
                channels:
                  - "FASHION_WEB"
                collections:
                  - "homepage"
                content_elements:
                  en_US:
                    spacer1:
                      type: "spacer"
                      data:
                        spacer: 10
                    heading:
                      type: "heading"
                      data:
                        heading_type: "h2"
                        heading: "How about jeans? 👖"
                    textarea:
                      type: "textarea"
                      data:
                        textarea: |
                          <p style="font-size: 13pt">
                              Discover our Jeans collection, where comfort meets timeless style. Whether you're looking for the perfect pair to wear every day or something more fashion-forward, our jeans are designed to fit seamlessly into your wardrobe.
                          </p>
                          <p style="font-size: 13pt;">
                              Key features of our Dresses collection:
                          
                              <ul style="font-size: 13pt">
                                  <li style="margin-bottom: 6px;"><strong>Variety of Fits</strong>: From skinny to relaxed, we have a fit for every body type.</li>
                                  <li style="margin-bottom: 6px;"><strong>Premium Denim</strong>: Durable, high-quality fabrics that offer both comfort and longevity.</li>
                                  <li style="margin-bottom: 6px;"><strong>Versatile Styles</strong>: Classic washes, distressed details, and contemporary cuts to suit any occasion.</li>
                                  <li style="margin-bottom: 6px;"><strong>Perfect Stretch</strong>: Just the right amount of stretch for a comfortable, flattering fit.</li>
                              </ul>
                          </p>
                          <p style="font-size: 13pt;">
                              Elevate your denim game with our collection and find your new favorite pair today!
                          </p>
                    products_carousel_by_taxon:
                      type: "products_carousel_by_taxon"
                      data:
                        products_carousel_by_taxon: "jeans"
              homepage_products_grid:
                name: "Meet our caps brand"
                channels:
                  - "FASHION_WEB"
                collections:
                  - "homepage"
                content_elements:
                  en_US:
                    heading:
                      type: "heading"
                      data:
                        heading_type: "h2"
                        heading: "Meet our caps brand 🧢"
                    textarea:
                      type: "textarea"
                      data:
                        textarea: |
                          <p style="font-size: 13pt">
                              Our Caps collection combines functionality with fashion, offering a range of designs that suit any style. Whether you need a sporty edge or a casual accessory, our caps are the perfect finishing touch for any outfit.
                          </p>
                    products_grid:
                      type: "products_grid"
                      data:
                        products_grid:
                          products:
                            - "Knitted_burgundy_winter_cap"
                            - "Knitted_wool_blend_green_cap"
                            - "Knitted_white_pompom_cap"
                            - "Cashmere_blend_violet_beanie"
              homepage_products_grid_by_taxon:
                name: "See also our dress collection!"
                channels:
                  - "FASHION_WEB"
                collections:
                  - "homepage"
                content_elements:
                  en_US:
                    heading:
                      type: "heading"
                      data:
                        heading_type: "h2"
                        heading: "See also our dress collection! 👗"
                    textarea:
                      type: "textarea"
                      data:
                        textarea: |
                          <p style="font-size: 13pt">
                              Explore our Dresses collection, where style and sophistication come together in perfect harmony. Whether you're dressing for a special occasion or simply want to elevate your everyday look, our dresses offer something for every moment.
                          </p>
                          <p style="font-size: 13pt;">
                              Key features of our Dresses collection:
                          
                              <ul style="font-size: 13pt">
                                  <li style="margin-bottom: 6px;"><strong>Versatile Styles</strong>: From casual day dresses to elegant evening wear.</li>
                                  <li style="margin-bottom: 6px;"><strong>High-Quality Fabrics</strong>: Soft, breathable materials that move with you.</li>
                                  <li style="margin-bottom: 6px;"><strong>Flattering Fits</strong>: Designed to enhance your natural shape and boost confidence.</li>
                                  <li style="margin-bottom: 6px;"><strong>Unique Designs</strong>: Standout patterns and colors that reflect the latest trends.</li>
                              </ul>
                          </p>
                          <p style="font-size: 13pt;">
                              Find the perfect dress to match your style and make every day a little more special!
                          </p>
                    products_grid_by_taxon:
                      type: "products_grid_by_taxon"
                      data:
                        products_grid_by_taxon: "dresses"
              homepage_taxons_list:
                name: "Not interested in caps? See all our brands"
                channels:
                  - "FASHION_WEB"
                collections:
                  - "homepage"
                content_elements:
                  en_US:
                    heading:
                      type: "heading"
                      data:
                        heading_type: "h2"
                        heading: "Not interested in caps? See all our brands:"
                    textarea:
                      type: "textarea"
                      data:
                        textarea: |
                          <p style="font-size: 13pt">
                              Check out our other collections to complete your look! Explore our diverse range of T-Shirts, where comfort meets contemporary style, perfect for any occasion. Don't miss our Caps collection, offering the ideal blend of fashion and functionality to top off your outfit. And for those special moments, our Dresses collection features stylish options that will make you feel confident and elegant. Discover your new favorites today!
                          </p>
                    taxons_list:
                      type: "taxons_list"
                      data:
                        taxons_list:
                          taxons:
                            - "t_shirts"
                            - "caps"
                            - "dresses"
                            - "jeans"
              black_friday_banner_taxon:
                name: "Black friday banner (taxons)"
                channels:
                  - "FASHION_WEB"
                collections:
                  - "black_friday"
                taxons:
                  - "t_shirts"
                  - "mens_t_shirts"
                  - "womens_t_shirts"
                content_elements:
                  en_US:
                    single_media:
                      type: "single_media"
                      data:
                        single_media: "black_friday_banner"
              black_friday_banner_product:
                name: "Black friday banner (products)"
                channels:
                  - "FASHION_WEB"
                collections:
                  - "black_friday"
                products_in_taxons:
                  - "mens_t_shirts"
                  - "womens_t_shirts"
                content_elements:
                  en_US:
                    single_media:
                      type: "single_media"
                      data:
                        single_media: "black_friday_banner"
                    spacer1:
                      type: "spacer"
                      data:
                        spacer: 20
              specified_products_in_taxons:
                name: "You may also like"
                channels:
                  - "FASHION_WEB"
                collections:
                  - "products_details"
                products_in_taxons:
                  - "mens_t_shirts"
                  - "womens_t_shirts"
                content_elements:
                  en_US:
                    spacer1:
                      type: "spacer"
                      data:
                        spacer: 20
                    heading1:
                      type: "heading"
                      data:
                        heading_type: "h2"
                        heading: "You may also like:"
                    products_carousel_by_taxon:
                      type: "products_carousel_by_taxon"
                      data:
                        products_carousel_by_taxon: "t_shirts"
                    heading2:
                      type: "heading"
                      data:
                        heading_type: "h2"
                        heading: "Our best sales:"
                    products_grid_by_taxon:
                      type: "products_grid_by_taxon"
                      data:
                        products_grid_by_taxon: "caps"
