bitbag_sylius_cms_plugin_shop_block_render:
    path: /block/{code}
    methods: [GET]
    defaults:
        _controller: bitbag_sylius_cms_plugin.controller.block::renderBlockAction
        _sylius:
            repository:
                method: findOneByCode
                arguments:
                    - $code

bitbag_sylius_cms_plugin_shop_block_index_by_collection_code:
    path: /blocks/collection/{collectionCode}
    methods: [GET]
    defaults:
        _controller: bitbag_sylius_cms_plugin.controller.block::indexAction
        _sylius:
            template: $template
            repository:
                method: findByCollectionCode
                arguments:
                    - $collectionCode
                    - "expr:service('sylius.context.channel').getChannel().getCode()"
