sylius_resource:
    resources:
        bitbag_sylius_cms_plugin.block:
            driver: doctrine/orm
            classes:
                model: Sylius\CmsPlugin\Entity\Block
                interface: Sylius\CmsPlugin\Entity\BlockInterface
                form: Sylius\CmsPlugin\Form\Type\BlockType
                repository: Sylius\CmsPlugin\Repository\BlockRepository
                controller: Sylius\CmsPlugin\Controller\BlockController
                factory: Sylius\Component\Resource\Factory\Factory
