sylius_grid:
    grids:
        bitbag_sylius_cms_plugin_admin_block:
            driver:
                name: doctrine/orm
                options:
                    class: "%bitbag_sylius_cms_plugin.model.block.class%"
            sorting:
                code: asc
            limits: [10, 25, 50]
            fields:
                name:
                    type: string
                    label: bitbag_sylius_cms_plugin.ui.name
                    sortable: name
                code:
                    type: string
                    label: sylius.ui.code
                    sortable: ~
                enabled:
                    type: twig
                    label: sylius.ui.enabled
                    path: enabled
                    sortable: ~
                    options:
                        template: "@SyliusUi/Grid/Field/enabled.html.twig"
                collections:
                    type: twig
                    label: bitbag_sylius_cms_plugin.ui.collections
                    path: .
                    options:
                        template: "@BitBagSyliusCmsPlugin/Grid/Field/collections.html.twig"
            filters:
                search:
                    type: string
                    label: sylius.ui.search
                    options:
                        fields: [code]
                enabled:
                    type: boolean
            actions:
                main:
                    import:
                        type: import
                        options:
                            resourceCode: block
                    create:
                        type: create
                item:
                    update:
                        type: update
                    delete:
                        type: delete
                bulk:
                    delete:
                        type: delete
