bitbag_sylius_cms_plugin_admin_block:
    resource: |
        alias: bitbag_sylius_cms_plugin.block
        section: admin
        templates: BitBagSyliusCmsPlugin:Block
        except: ['show']
        redirect: update
        grid: bitbag_sylius_cms_plugin_admin_block
        permission: true
        vars:
            all:
                header: bitbag.ui.blocks_header
                subheader: bitbag.ui.blocks_subheader
                templates:
                    form: BitBagSyliusCmsPlugin:Block:Crud/_form.html.twig
            index:
                icon: block layout
            route:
                parameters:
                    code: $type
    type: sylius.resource

bitbag_sylius_cms_plugin_admin_block_create:
    path: /blocks/new/{type}
    methods: [GET, POST]
    defaults:
        _controller: bitbag_sylius_cms_plugin.controller.block:createAction
        _sylius:
            section: admin
            template: BitBagSyliusCmsPlugin:Block:create.html.twig
            redirect:
                route: bitbag_sylius_cms_plugin_admin_block_update
                parameters: ~
            permission: true
            factory:
                method: createWithType
                arguments: [$type]
            vars:
                header: bitbag.ui.blocks_header
                subheader: bitbag.ui.blocks_subheader
                templates:
                    form: BitBagSyliusCmsPlugin:Block:Crud/_form.html.twig
                route:
                    parameters:
                        type: $type
            form:
                options:
                    validation_groups: ['bitbag','bitbag_image_not_blank']
    requirements:
        type: text|html|image